
Microsoft Visual Studio Solution File, Format Version 12.00
# Visual Studio Version 17
VisualStudioVersion = 17.8.34330.188
MinimumVisualStudioVersion = 10.0.40219.1
Project("{FAE04EC0-301F-11D3-BF4B-00C04F79EFBC}") = "HackatonIct", "HackatonIct\HackatonIct.csproj", "{19779780-D01F-4779-8900-5801B0EDE870}"
EndProject
Global
	GlobalSection(SolutionConfigurationPlatforms) = preSolution
		Debug|Any CPU = Debug|Any CPU
		Release|Any CPU = Release|Any CPU
	EndGlobalSection
	GlobalSection(ProjectConfigurationPlatforms) = postSolution
		{19779780-D01F-4779-8900-5801B0EDE870}.Debug|Any CPU.ActiveCfg = Debug|Any CPU
		{19779780-D01F-4779-8900-5801B0EDE870}.Debug|Any CPU.Build.0 = Debug|Any CPU
		{19779780-D01F-4779-8900-5801B0EDE870}.Release|Any CPU.ActiveCfg = Release|Any CPU
		{19779780-D01F-4779-8900-5801B0EDE870}.Release|Any CPU.Build.0 = Release|Any CPU
	EndGlobalSection
	GlobalSection(SolutionProperties) = preSolution
		HideSolutionNode = FALSE
	EndGlobalSection
	GlobalSection(ExtensibilityGlobals) = postSolution
		SolutionGuid = {4FB6B642-0925-4DF1-A5B5-9887A60FF6D3}
	EndGlobalSection
EndGlobal
