
Microsoft Visual Studio Solution File, Format Version 12.00
# Visual Studio Version 17
VisualStudioVersion = 17.8.34330.188
MinimumVisualStudioVersion = 10.0.40219.1
Project("{FAE04EC0-301F-11D3-BF4B-00C04F79EFBC}") = "NombreMagic", "NombreMagic\NombreMagic.csproj", "{B591B733-428B-4FD3-B979-F5167588ABEF}"
EndProject
Global
	GlobalSection(SolutionConfigurationPlatforms) = preSolution
		Debug|Any CPU = Debug|Any CPU
		Release|Any CPU = Release|Any CPU
	EndGlobalSection
	GlobalSection(ProjectConfigurationPlatforms) = postSolution
		{B591B733-428B-4FD3-B979-F5167588ABEF}.Debug|Any CPU.ActiveCfg = Debug|Any CPU
		{B591B733-428B-4FD3-B979-F5167588ABEF}.Debug|Any CPU.Build.0 = Debug|Any CPU
		{B591B733-428B-4FD3-B979-F5167588ABEF}.Release|Any CPU.ActiveCfg = Release|Any CPU
		{B591B733-428B-4FD3-B979-F5167588ABEF}.Release|Any CPU.Build.0 = Release|Any CPU
	EndGlobalSection
	GlobalSection(SolutionProperties) = preSolution
		HideSolutionNode = FALSE
	EndGlobalSection
	GlobalSection(ExtensibilityGlobals) = postSolution
		SolutionGuid = {B7F9C6C6-8760-4429-B5D3-00B82841BC7D}
	EndGlobalSection
EndGlobal
