
Microsoft Visual Studio Solution File, Format Version 12.00
# Visual Studio Version 17
VisualStudioVersion = 17.8.34330.188
MinimumVisualStudioVersion = 10.0.40219.1
Project("{FAE04EC0-301F-11D3-BF4B-00C04F79EFBC}") = "POO", "POO\POO.csproj", "{6A188C73-30EB-4633-902A-E1B1979EF68A}"
EndProject
Global
	GlobalSection(SolutionConfigurationPlatforms) = preSolution
		Debug|Any CPU = Debug|Any CPU
		Release|Any CPU = Release|Any CPU
	EndGlobalSection
	GlobalSection(ProjectConfigurationPlatforms) = postSolution
		{6A188C73-30EB-4633-902A-E1B1979EF68A}.Debug|Any CPU.ActiveCfg = Debug|Any CPU
		{6A188C73-30EB-4633-902A-E1B1979EF68A}.Debug|Any CPU.Build.0 = Debug|Any CPU
		{6A188C73-30EB-4633-902A-E1B1979EF68A}.Release|Any CPU.ActiveCfg = Release|Any CPU
		{6A188C73-30EB-4633-902A-E1B1979EF68A}.Release|Any CPU.Build.0 = Release|Any CPU
	EndGlobalSection
	GlobalSection(SolutionProperties) = preSolution
		HideSolutionNode = FALSE
	EndGlobalSection
	GlobalSection(ExtensibilityGlobals) = postSolution
		SolutionGuid = {3F7F2E7D-D769-4081-BCC2-57DEC6EE381D}
	EndGlobalSection
EndGlobal
