
Microsoft Visual Studio Solution File, Format Version 12.00
# Visual Studio Version 17
VisualStudioVersion = 17.8.34330.188
MinimumVisualStudioVersion = 10.0.40219.1
Project("{FAE04EC0-301F-11D3-BF4B-00C04F79EFBC}") = "Jeu_du_pendu", "Jeu_du_pendu\Jeu_du_pendu.csproj", "{3A2A9920-3D51-42EB-B7ED-AC37D0714A6B}"
EndProject
Global
	GlobalSection(SolutionConfigurationPlatforms) = preSolution
		Debug|Any CPU = Debug|Any CPU
		Release|Any CPU = Release|Any CPU
	EndGlobalSection
	GlobalSection(ProjectConfigurationPlatforms) = postSolution
		{3A2A9920-3D51-42EB-B7ED-AC37D0714A6B}.Debug|Any CPU.ActiveCfg = Debug|Any CPU
		{3A2A9920-3D51-42EB-B7ED-AC37D0714A6B}.Debug|Any CPU.Build.0 = Debug|Any CPU
		{3A2A9920-3D51-42EB-B7ED-AC37D0714A6B}.Release|Any CPU.ActiveCfg = Release|Any CPU
		{3A2A9920-3D51-42EB-B7ED-AC37D0714A6B}.Release|Any CPU.Build.0 = Release|Any CPU
	EndGlobalSection
	GlobalSection(SolutionProperties) = preSolution
		HideSolutionNode = FALSE
	EndGlobalSection
	GlobalSection(ExtensibilityGlobals) = postSolution
		SolutionGuid = {DF89911A-5F01-418C-B43C-879A1F961262}
	EndGlobalSection
EndGlobal
